
Microsoft Visual Studio Solution File, Format Version 12.00
# Visual Studio 15
VisualStudioVersion = 15.0.27428.2037
MinimumVisualStudioVersion = 10.0.40219.1
Project("{2150E333-8FDC-42A3-9474-1A3956D46DE8}") = "20190121", "20190121", "{F970066A-197F-4CBD-BBE6-11AECF8BAF68}"
EndProject
Project("{FAE04EC0-301F-11D3-BF4B-00C04F79EFBC}") = "IlkMvcSayfam", "IlkMvcSayfam\IlkMvcSayfam.csproj", "{D8CA902D-45EC-465C-93F1-34915D5BEF0A}"
EndProject
Project("{2150E333-8FDC-42A3-9474-1A3956D46DE8}") = "20190123", "20190123", "{DB7A1171-4B45-4BD4-A905-BC5733C0E90E}"
EndProject
Project("{FAE04EC0-301F-11D3-BF4B-00C04F79EFBC}") = "AjaxIslemleri", "AjaxIslemleri\AjaxIslemleri.csproj", "{2DB43895-3902-422D-B179-B14FF4924845}"
EndProject
Project("{2150E333-8FDC-42A3-9474-1A3956D46DE8}") = "20190128", "20190128", "{2A9C26E9-7DAD-4F4F-AE02-7F0C04B50024}"
EndProject
Project("{FAE04EC0-301F-11D3-BF4B-00C04F79EFBC}") = "Layout", "Layout\Layout.csproj", "{5E2ED99E-8802-4E67-8D0C-4A4183A382D0}"
EndProject
Project("{FAE04EC0-301F-11D3-BF4B-00C04F79EFBC}") = "WebSiteProject", "WebSiteProject\WebSiteProject.csproj", "{A519D746-A70F-4896-BC5D-A5360E97C233}"
EndProject
Project("{2150E333-8FDC-42A3-9474-1A3956D46DE8}") = "20190129", "20190129", "{9E3BC335-A2E3-4A32-8D3D-42288E7C0337}"
EndProject
Project("{2150E333-8FDC-42A3-9474-1A3956D46DE8}") = "Proje", "Proje", "{D957A852-E586-4221-B397-E698FAE9BC1F}"
EndProject
Project("{2150E333-8FDC-42A3-9474-1A3956D46DE8}") = "Tema", "Tema", "{591CB00A-F9A8-4305-B1C2-82C847FCFE12}"
EndProject
Project("{FAE04EC0-301F-11D3-BF4B-00C04F79EFBC}") = "Admin.Tema", "Admin.Tema\Admin.Tema.csproj", "{260DB0AB-722D-46E0-90A2-522C70B38BF5}"
EndProject
Project("{FAE04EC0-301F-11D3-BF4B-00C04F79EFBC}") = "Admin.Web.UI", "Admin.Web.UI\Admin.Web.UI.csproj", "{CAAF2CA0-9727-4D6D-9130-6A6F8C60E235}"
EndProject
Project("{FAE04EC0-301F-11D3-BF4B-00C04F79EFBC}") = "Admin.Models", "Admin.Models\Admin.Models.csproj", "{EF7B03C8-9809-48BD-979D-1C29A968D07D}"
EndProject
Project("{FAE04EC0-301F-11D3-BF4B-00C04F79EFBC}") = "Admin.DAL", "Admin.DAL\Admin.DAL.csproj", "{CCF0C134-BF27-4869-AF21-D6FFDB7599E1}"
EndProject
Project("{FAE04EC0-301F-11D3-BF4B-00C04F79EFBC}") = "Admin.BLL", "Admin.BLL\Admin.BLL.csproj", "{4A374CA3-A0EE-4A3B-A4C5-55FC6CB03B85}"
EndProject
Global
	GlobalSection(SolutionConfigurationPlatforms) = preSolution
		Debug|Any CPU = Debug|Any CPU
		Release|Any CPU = Release|Any CPU
	EndGlobalSection
	GlobalSection(ProjectConfigurationPlatforms) = postSolution
		{D8CA902D-45EC-465C-93F1-34915D5BEF0A}.Debug|Any CPU.ActiveCfg = Debug|Any CPU
		{D8CA902D-45EC-465C-93F1-34915D5BEF0A}.Debug|Any CPU.Build.0 = Debug|Any CPU
		{D8CA902D-45EC-465C-93F1-34915D5BEF0A}.Release|Any CPU.ActiveCfg = Release|Any CPU
		{D8CA902D-45EC-465C-93F1-34915D5BEF0A}.Release|Any CPU.Build.0 = Release|Any CPU
		{2DB43895-3902-422D-B179-B14FF4924845}.Debug|Any CPU.ActiveCfg = Debug|Any CPU
		{2DB43895-3902-422D-B179-B14FF4924845}.Debug|Any CPU.Build.0 = Debug|Any CPU
		{2DB43895-3902-422D-B179-B14FF4924845}.Release|Any CPU.ActiveCfg = Release|Any CPU
		{2DB43895-3902-422D-B179-B14FF4924845}.Release|Any CPU.Build.0 = Release|Any CPU
		{5E2ED99E-8802-4E67-8D0C-4A4183A382D0}.Debug|Any CPU.ActiveCfg = Debug|Any CPU
		{5E2ED99E-8802-4E67-8D0C-4A4183A382D0}.Debug|Any CPU.Build.0 = Debug|Any CPU
		{5E2ED99E-8802-4E67-8D0C-4A4183A382D0}.Release|Any CPU.ActiveCfg = Release|Any CPU
		{5E2ED99E-8802-4E67-8D0C-4A4183A382D0}.Release|Any CPU.Build.0 = Release|Any CPU
		{A519D746-A70F-4896-BC5D-A5360E97C233}.Debug|Any CPU.ActiveCfg = Debug|Any CPU
		{A519D746-A70F-4896-BC5D-A5360E97C233}.Debug|Any CPU.Build.0 = Debug|Any CPU
		{A519D746-A70F-4896-BC5D-A5360E97C233}.Release|Any CPU.ActiveCfg = Release|Any CPU
		{A519D746-A70F-4896-BC5D-A5360E97C233}.Release|Any CPU.Build.0 = Release|Any CPU
		{260DB0AB-722D-46E0-90A2-522C70B38BF5}.Debug|Any CPU.ActiveCfg = Debug|Any CPU
		{260DB0AB-722D-46E0-90A2-522C70B38BF5}.Debug|Any CPU.Build.0 = Debug|Any CPU
		{260DB0AB-722D-46E0-90A2-522C70B38BF5}.Release|Any CPU.ActiveCfg = Release|Any CPU
		{260DB0AB-722D-46E0-90A2-522C70B38BF5}.Release|Any CPU.Build.0 = Release|Any CPU
		{CAAF2CA0-9727-4D6D-9130-6A6F8C60E235}.Debug|Any CPU.ActiveCfg = Debug|Any CPU
		{CAAF2CA0-9727-4D6D-9130-6A6F8C60E235}.Debug|Any CPU.Build.0 = Debug|Any CPU
		{CAAF2CA0-9727-4D6D-9130-6A6F8C60E235}.Release|Any CPU.ActiveCfg = Release|Any CPU
		{CAAF2CA0-9727-4D6D-9130-6A6F8C60E235}.Release|Any CPU.Build.0 = Release|Any CPU
		{EF7B03C8-9809-48BD-979D-1C29A968D07D}.Debug|Any CPU.ActiveCfg = Debug|Any CPU
		{EF7B03C8-9809-48BD-979D-1C29A968D07D}.Debug|Any CPU.Build.0 = Debug|Any CPU
		{EF7B03C8-9809-48BD-979D-1C29A968D07D}.Release|Any CPU.ActiveCfg = Release|Any CPU
		{EF7B03C8-9809-48BD-979D-1C29A968D07D}.Release|Any CPU.Build.0 = Release|Any CPU
		{CCF0C134-BF27-4869-AF21-D6FFDB7599E1}.Debug|Any CPU.ActiveCfg = Debug|Any CPU
		{CCF0C134-BF27-4869-AF21-D6FFDB7599E1}.Debug|Any CPU.Build.0 = Debug|Any CPU
		{CCF0C134-BF27-4869-AF21-D6FFDB7599E1}.Release|Any CPU.ActiveCfg = Release|Any CPU
		{CCF0C134-BF27-4869-AF21-D6FFDB7599E1}.Release|Any CPU.Build.0 = Release|Any CPU
		{4A374CA3-A0EE-4A3B-A4C5-55FC6CB03B85}.Debug|Any CPU.ActiveCfg = Debug|Any CPU
		{4A374CA3-A0EE-4A3B-A4C5-55FC6CB03B85}.Debug|Any CPU.Build.0 = Debug|Any CPU
		{4A374CA3-A0EE-4A3B-A4C5-55FC6CB03B85}.Release|Any CPU.ActiveCfg = Release|Any CPU
		{4A374CA3-A0EE-4A3B-A4C5-55FC6CB03B85}.Release|Any CPU.Build.0 = Release|Any CPU
	EndGlobalSection
	GlobalSection(SolutionProperties) = preSolution
		HideSolutionNode = FALSE
	EndGlobalSection
	GlobalSection(NestedProjects) = preSolution
		{D8CA902D-45EC-465C-93F1-34915D5BEF0A} = {F970066A-197F-4CBD-BBE6-11AECF8BAF68}
		{2DB43895-3902-422D-B179-B14FF4924845} = {DB7A1171-4B45-4BD4-A905-BC5733C0E90E}
		{5E2ED99E-8802-4E67-8D0C-4A4183A382D0} = {2A9C26E9-7DAD-4F4F-AE02-7F0C04B50024}
		{A519D746-A70F-4896-BC5D-A5360E97C233} = {2A9C26E9-7DAD-4F4F-AE02-7F0C04B50024}
		{D957A852-E586-4221-B397-E698FAE9BC1F} = {9E3BC335-A2E3-4A32-8D3D-42288E7C0337}
		{591CB00A-F9A8-4305-B1C2-82C847FCFE12} = {9E3BC335-A2E3-4A32-8D3D-42288E7C0337}
		{260DB0AB-722D-46E0-90A2-522C70B38BF5} = {591CB00A-F9A8-4305-B1C2-82C847FCFE12}
		{CAAF2CA0-9727-4D6D-9130-6A6F8C60E235} = {D957A852-E586-4221-B397-E698FAE9BC1F}
		{EF7B03C8-9809-48BD-979D-1C29A968D07D} = {D957A852-E586-4221-B397-E698FAE9BC1F}
		{CCF0C134-BF27-4869-AF21-D6FFDB7599E1} = {D957A852-E586-4221-B397-E698FAE9BC1F}
		{4A374CA3-A0EE-4A3B-A4C5-55FC6CB03B85} = {D957A852-E586-4221-B397-E698FAE9BC1F}
	EndGlobalSection
	GlobalSection(ExtensibilityGlobals) = postSolution
		SolutionGuid = {94CE21A4-4833-4490-A441-645D8238135B}
	EndGlobalSection
EndGlobal
