
Microsoft Visual Studio Solution File, Format Version 12.00
# Visual Studio 15
VisualStudioVersion = 15.0.27428.2037
MinimumVisualStudioVersion = 10.0.40219.1
Project("{2150E333-8FDC-42A3-9474-1A3956D46DE8}") = "20190121", "20190121", "{F970066A-197F-4CBD-BBE6-11AECF8BAF68}"
EndProject
Project("{FAE04EC0-301F-11D3-BF4B-00C04F79EFBC}") = "IlkMvcSayfam", "IlkMvcSayfam\IlkMvcSayfam.csproj", "{D8CA902D-45EC-465C-93F1-34915D5BEF0A}"
EndProject
Project("{2150E333-8FDC-42A3-9474-1A3956D46DE8}") = "20190123", "20190123", "{DB7A1171-4B45-4BD4-A905-BC5733C0E90E}"
EndProject
Project("{FAE04EC0-301F-11D3-BF4B-00C04F79EFBC}") = "AjaxIslemleri", "AjaxIslemleri\AjaxIslemleri.csproj", "{2DB43895-3902-422D-B179-B14FF4924845}"
EndProject
Project("{2150E333-8FDC-42A3-9474-1A3956D46DE8}") = "20190128", "20190128", "{2A9C26E9-7DAD-4F4F-AE02-7F0C04B50024}"
EndProject
Project("{FAE04EC0-301F-11D3-BF4B-00C04F79EFBC}") = "Layout", "Layout\Layout.csproj", "{5E2ED99E-8802-4E67-8D0C-4A4183A382D0}"
EndProject
Project("{FAE04EC0-301F-11D3-BF4B-00C04F79EFBC}") = "WebSiteProject", "WebSiteProject\WebSiteProject.csproj", "{A519D746-A70F-4896-BC5D-A5360E97C233}"
EndProject
Project("{2150E333-8FDC-42A3-9474-1A3956D46DE8}") = "20190129", "20190129", "{9E3BC335-A2E3-4A32-8D3D-42288E7C0337}"
EndProject
Project("{2150E333-8FDC-42A3-9474-1A3956D46DE8}") = "Proje", "Proje", "{D957A852-E586-4221-B397-E698FAE9BC1F}"
EndProject
Project("{2150E333-8FDC-42A3-9474-1A3956D46DE8}") = "Tema", "Tema", "{591CB00A-F9A8-4305-B1C2-82C847FCFE12}"
EndProject
Project("{FAE04EC0-301F-11D3-BF4B-00C04F79EFBC}") = "Admin.Tema", "Admin.Tema\Admin.Tema.csproj", "{260DB0AB-722D-46E0-90A2-522C70B38BF5}"
EndProject
Project("{FAE04EC0-301F-11D3-BF4B-00C04F79EFBC}") = "Admin.Web.UI", "Admin.Web.UI\Admin.Web.UI.csproj", "{CAAF2CA0-9727-4D6D-9130-6A6F8C60E235}"
EndProject
Project("{FAE04EC0-301F-11D3-BF4B-00C04F79EFBC}") = "Admin.Models", "Admin.Models\Admin.Models.csproj", "{EF7B03C8-9809-48BD-979D-1C29A968D07D}"
EndProject
Project("{FAE04EC0-301F-11D3-BF4B-00C04F79EFBC}") = "Admin.DAL", "Admin.DAL\Admin.DAL.csproj", "{CCF0C134-BF27-4869-AF21-D6FFDB7599E1}"
EndProject
Project("{FAE04EC0-301F-11D3-BF4B-00C04F79EFBC}") = "Admin.BLL", "Admin.BLL\Admin.BLL.csproj", "{4A374CA3-A0EE-4A3B-A4C5-55FC6CB03B85}"
EndProject
Project("{2150E333-8FDC-42A3-9474-1A3956D46DE8}") = "20190205", "20190205", "{113A9890-08E4-41DF-B34A-41E673387229}"
EndProject
Project("{FAE04EC0-301F-11D3-BF4B-00C04F79EFBC}") = "MyWebSite", "MyWebSite\MyWebSite.csproj", "{44D2040C-E56C-427B-AC36-7694243EF73B}"
EndProject
Project("{FAE04EC0-301F-11D3-BF4B-00C04F79EFBC}") = "MyWebSite.DAL", "MyWebSite.DAL\MyWebSite.DAL.csproj", "{57C68000-6718-4C23-BBCA-9E7007FBF0C6}"
EndProject
Project("{FAE04EC0-301F-11D3-BF4B-00C04F79EFBC}") = "MyWebSite.BLL", "MyWebSite.BLL\MyWebSite.BLL.csproj", "{5AD091EC-1022-4AFB-8536-AFD6B30173A1}"
EndProject
Project("{2150E333-8FDC-42A3-9474-1A3956D46DE8}") = "20190211", "20190211", "{D5DD63F7-D1F3-4DC1-BD74-CA3BEBF982EC}"
EndProject
Project("{FAE04EC0-301F-11D3-BF4B-00C04F79EFBC}") = "Kuzey.DAL", "Kuzey.DAL\Kuzey.DAL.csproj", "{479D1AF4-5036-4B70-814F-3E2755D35810}"
EndProject
Project("{FAE04EC0-301F-11D3-BF4B-00C04F79EFBC}") = "Kuzey.BLL", "Kuzey.BLL\Kuzey.BLL.csproj", "{9630F545-E3FE-404D-8CBF-B8ACE268FE5E}"
EndProject
Project("{FAE04EC0-301F-11D3-BF4B-00C04F79EFBC}") = "Kuzey.Models", "Kuzey.Models\Kuzey.Models.csproj", "{176B821E-A013-479F-A62E-825DEFB2B071}"
EndProject
Project("{FAE04EC0-301F-11D3-BF4B-00C04F79EFBC}") = "Kuzey.Web", "Kuzey.Web\Kuzey.Web.csproj", "{73939E1F-D9C4-4ADB-A26B-1C72CE0F80B0}"
EndProject
Project("{2150E333-8FDC-42A3-9474-1A3956D46DE8}") = "20190213", "20190213", "{ACAF0DD9-C0DA-464C-AC9E-D554D5A57813}"
EndProject
Project("{FAE04EC0-301F-11D3-BF4B-00C04F79EFBC}") = "AreaKullanimi", "AreaKullanimi\AreaKullanimi.csproj", "{358F472F-5ACC-4A86-BE6C-6837F5C9F789}"
EndProject
Global
	GlobalSection(SolutionConfigurationPlatforms) = preSolution
		Debug|Any CPU = Debug|Any CPU
		Release|Any CPU = Release|Any CPU
	EndGlobalSection
	GlobalSection(ProjectConfigurationPlatforms) = postSolution
		{D8CA902D-45EC-465C-93F1-34915D5BEF0A}.Debug|Any CPU.ActiveCfg = Debug|Any CPU
		{D8CA902D-45EC-465C-93F1-34915D5BEF0A}.Debug|Any CPU.Build.0 = Debug|Any CPU
		{D8CA902D-45EC-465C-93F1-34915D5BEF0A}.Release|Any CPU.ActiveCfg = Release|Any CPU
		{D8CA902D-45EC-465C-93F1-34915D5BEF0A}.Release|Any CPU.Build.0 = Release|Any CPU
		{2DB43895-3902-422D-B179-B14FF4924845}.Debug|Any CPU.ActiveCfg = Debug|Any CPU
		{2DB43895-3902-422D-B179-B14FF4924845}.Debug|Any CPU.Build.0 = Debug|Any CPU
		{2DB43895-3902-422D-B179-B14FF4924845}.Release|Any CPU.ActiveCfg = Release|Any CPU
		{2DB43895-3902-422D-B179-B14FF4924845}.Release|Any CPU.Build.0 = Release|Any CPU
		{5E2ED99E-8802-4E67-8D0C-4A4183A382D0}.Debug|Any CPU.ActiveCfg = Debug|Any CPU
		{5E2ED99E-8802-4E67-8D0C-4A4183A382D0}.Debug|Any CPU.Build.0 = Debug|Any CPU
		{5E2ED99E-8802-4E67-8D0C-4A4183A382D0}.Release|Any CPU.ActiveCfg = Release|Any CPU
		{5E2ED99E-8802-4E67-8D0C-4A4183A382D0}.Release|Any CPU.Build.0 = Release|Any CPU
		{A519D746-A70F-4896-BC5D-A5360E97C233}.Debug|Any CPU.ActiveCfg = Debug|Any CPU
		{A519D746-A70F-4896-BC5D-A5360E97C233}.Debug|Any CPU.Build.0 = Debug|Any CPU
		{A519D746-A70F-4896-BC5D-A5360E97C233}.Release|Any CPU.ActiveCfg = Release|Any CPU
		{A519D746-A70F-4896-BC5D-A5360E97C233}.Release|Any CPU.Build.0 = Release|Any CPU
		{260DB0AB-722D-46E0-90A2-522C70B38BF5}.Debug|Any CPU.ActiveCfg = Debug|Any CPU
		{260DB0AB-722D-46E0-90A2-522C70B38BF5}.Debug|Any CPU.Build.0 = Debug|Any CPU
		{260DB0AB-722D-46E0-90A2-522C70B38BF5}.Release|Any CPU.ActiveCfg = Release|Any CPU
		{260DB0AB-722D-46E0-90A2-522C70B38BF5}.Release|Any CPU.Build.0 = Release|Any CPU
		{CAAF2CA0-9727-4D6D-9130-6A6F8C60E235}.Debug|Any CPU.ActiveCfg = Debug|Any CPU
		{CAAF2CA0-9727-4D6D-9130-6A6F8C60E235}.Debug|Any CPU.Build.0 = Debug|Any CPU
		{CAAF2CA0-9727-4D6D-9130-6A6F8C60E235}.Release|Any CPU.ActiveCfg = Release|Any CPU
		{CAAF2CA0-9727-4D6D-9130-6A6F8C60E235}.Release|Any CPU.Build.0 = Release|Any CPU
		{EF7B03C8-9809-48BD-979D-1C29A968D07D}.Debug|Any CPU.ActiveCfg = Debug|Any CPU
		{EF7B03C8-9809-48BD-979D-1C29A968D07D}.Debug|Any CPU.Build.0 = Debug|Any CPU
		{EF7B03C8-9809-48BD-979D-1C29A968D07D}.Release|Any CPU.ActiveCfg = Release|Any CPU
		{EF7B03C8-9809-48BD-979D-1C29A968D07D}.Release|Any CPU.Build.0 = Release|Any CPU
		{CCF0C134-BF27-4869-AF21-D6FFDB7599E1}.Debug|Any CPU.ActiveCfg = Debug|Any CPU
		{CCF0C134-BF27-4869-AF21-D6FFDB7599E1}.Debug|Any CPU.Build.0 = Debug|Any CPU
		{CCF0C134-BF27-4869-AF21-D6FFDB7599E1}.Release|Any CPU.ActiveCfg = Release|Any CPU
		{CCF0C134-BF27-4869-AF21-D6FFDB7599E1}.Release|Any CPU.Build.0 = Release|Any CPU
		{4A374CA3-A0EE-4A3B-A4C5-55FC6CB03B85}.Debug|Any CPU.ActiveCfg = Debug|Any CPU
		{4A374CA3-A0EE-4A3B-A4C5-55FC6CB03B85}.Debug|Any CPU.Build.0 = Debug|Any CPU
		{4A374CA3-A0EE-4A3B-A4C5-55FC6CB03B85}.Release|Any CPU.ActiveCfg = Release|Any CPU
		{4A374CA3-A0EE-4A3B-A4C5-55FC6CB03B85}.Release|Any CPU.Build.0 = Release|Any CPU
		{44D2040C-E56C-427B-AC36-7694243EF73B}.Debug|Any CPU.ActiveCfg = Debug|Any CPU
		{44D2040C-E56C-427B-AC36-7694243EF73B}.Debug|Any CPU.Build.0 = Debug|Any CPU
		{44D2040C-E56C-427B-AC36-7694243EF73B}.Release|Any CPU.ActiveCfg = Release|Any CPU
		{44D2040C-E56C-427B-AC36-7694243EF73B}.Release|Any CPU.Build.0 = Release|Any CPU
		{57C68000-6718-4C23-BBCA-9E7007FBF0C6}.Debug|Any CPU.ActiveCfg = Debug|Any CPU
		{57C68000-6718-4C23-BBCA-9E7007FBF0C6}.Debug|Any CPU.Build.0 = Debug|Any CPU
		{57C68000-6718-4C23-BBCA-9E7007FBF0C6}.Release|Any CPU.ActiveCfg = Release|Any CPU
		{57C68000-6718-4C23-BBCA-9E7007FBF0C6}.Release|Any CPU.Build.0 = Release|Any CPU
		{5AD091EC-1022-4AFB-8536-AFD6B30173A1}.Debug|Any CPU.ActiveCfg = Debug|Any CPU
		{5AD091EC-1022-4AFB-8536-AFD6B30173A1}.Debug|Any CPU.Build.0 = Debug|Any CPU
		{5AD091EC-1022-4AFB-8536-AFD6B30173A1}.Release|Any CPU.ActiveCfg = Release|Any CPU
		{5AD091EC-1022-4AFB-8536-AFD6B30173A1}.Release|Any CPU.Build.0 = Release|Any CPU
		{479D1AF4-5036-4B70-814F-3E2755D35810}.Debug|Any CPU.ActiveCfg = Debug|Any CPU
		{479D1AF4-5036-4B70-814F-3E2755D35810}.Debug|Any CPU.Build.0 = Debug|Any CPU
		{479D1AF4-5036-4B70-814F-3E2755D35810}.Release|Any CPU.ActiveCfg = Release|Any CPU
		{479D1AF4-5036-4B70-814F-3E2755D35810}.Release|Any CPU.Build.0 = Release|Any CPU
		{9630F545-E3FE-404D-8CBF-B8ACE268FE5E}.Debug|Any CPU.ActiveCfg = Debug|Any CPU
		{9630F545-E3FE-404D-8CBF-B8ACE268FE5E}.Debug|Any CPU.Build.0 = Debug|Any CPU
		{9630F545-E3FE-404D-8CBF-B8ACE268FE5E}.Release|Any CPU.ActiveCfg = Release|Any CPU
		{9630F545-E3FE-404D-8CBF-B8ACE268FE5E}.Release|Any CPU.Build.0 = Release|Any CPU
		{176B821E-A013-479F-A62E-825DEFB2B071}.Debug|Any CPU.ActiveCfg = Debug|Any CPU
		{176B821E-A013-479F-A62E-825DEFB2B071}.Debug|Any CPU.Build.0 = Debug|Any CPU
		{176B821E-A013-479F-A62E-825DEFB2B071}.Release|Any CPU.ActiveCfg = Release|Any CPU
		{176B821E-A013-479F-A62E-825DEFB2B071}.Release|Any CPU.Build.0 = Release|Any CPU
		{73939E1F-D9C4-4ADB-A26B-1C72CE0F80B0}.Debug|Any CPU.ActiveCfg = Debug|Any CPU
		{73939E1F-D9C4-4ADB-A26B-1C72CE0F80B0}.Debug|Any CPU.Build.0 = Debug|Any CPU
		{73939E1F-D9C4-4ADB-A26B-1C72CE0F80B0}.Release|Any CPU.ActiveCfg = Release|Any CPU
		{73939E1F-D9C4-4ADB-A26B-1C72CE0F80B0}.Release|Any CPU.Build.0 = Release|Any CPU
		{358F472F-5ACC-4A86-BE6C-6837F5C9F789}.Debug|Any CPU.ActiveCfg = Debug|Any CPU
		{358F472F-5ACC-4A86-BE6C-6837F5C9F789}.Debug|Any CPU.Build.0 = Debug|Any CPU
		{358F472F-5ACC-4A86-BE6C-6837F5C9F789}.Release|Any CPU.ActiveCfg = Release|Any CPU
		{358F472F-5ACC-4A86-BE6C-6837F5C9F789}.Release|Any CPU.Build.0 = Release|Any CPU
	EndGlobalSection
	GlobalSection(SolutionProperties) = preSolution
		HideSolutionNode = FALSE
	EndGlobalSection
	GlobalSection(NestedProjects) = preSolution
		{D8CA902D-45EC-465C-93F1-34915D5BEF0A} = {F970066A-197F-4CBD-BBE6-11AECF8BAF68}
		{2DB43895-3902-422D-B179-B14FF4924845} = {DB7A1171-4B45-4BD4-A905-BC5733C0E90E}
		{5E2ED99E-8802-4E67-8D0C-4A4183A382D0} = {2A9C26E9-7DAD-4F4F-AE02-7F0C04B50024}
		{A519D746-A70F-4896-BC5D-A5360E97C233} = {2A9C26E9-7DAD-4F4F-AE02-7F0C04B50024}
		{D957A852-E586-4221-B397-E698FAE9BC1F} = {9E3BC335-A2E3-4A32-8D3D-42288E7C0337}
		{591CB00A-F9A8-4305-B1C2-82C847FCFE12} = {9E3BC335-A2E3-4A32-8D3D-42288E7C0337}
		{260DB0AB-722D-46E0-90A2-522C70B38BF5} = {591CB00A-F9A8-4305-B1C2-82C847FCFE12}
		{CAAF2CA0-9727-4D6D-9130-6A6F8C60E235} = {D957A852-E586-4221-B397-E698FAE9BC1F}
		{EF7B03C8-9809-48BD-979D-1C29A968D07D} = {D957A852-E586-4221-B397-E698FAE9BC1F}
		{CCF0C134-BF27-4869-AF21-D6FFDB7599E1} = {D957A852-E586-4221-B397-E698FAE9BC1F}
		{4A374CA3-A0EE-4A3B-A4C5-55FC6CB03B85} = {D957A852-E586-4221-B397-E698FAE9BC1F}
		{44D2040C-E56C-427B-AC36-7694243EF73B} = {113A9890-08E4-41DF-B34A-41E673387229}
		{57C68000-6718-4C23-BBCA-9E7007FBF0C6} = {113A9890-08E4-41DF-B34A-41E673387229}
		{5AD091EC-1022-4AFB-8536-AFD6B30173A1} = {113A9890-08E4-41DF-B34A-41E673387229}
		{479D1AF4-5036-4B70-814F-3E2755D35810} = {D5DD63F7-D1F3-4DC1-BD74-CA3BEBF982EC}
		{9630F545-E3FE-404D-8CBF-B8ACE268FE5E} = {D5DD63F7-D1F3-4DC1-BD74-CA3BEBF982EC}
		{176B821E-A013-479F-A62E-825DEFB2B071} = {D5DD63F7-D1F3-4DC1-BD74-CA3BEBF982EC}
		{73939E1F-D9C4-4ADB-A26B-1C72CE0F80B0} = {D5DD63F7-D1F3-4DC1-BD74-CA3BEBF982EC}
		{358F472F-5ACC-4A86-BE6C-6837F5C9F789} = {ACAF0DD9-C0DA-464C-AC9E-D554D5A57813}
	EndGlobalSection
	GlobalSection(ExtensibilityGlobals) = postSolution
		SolutionGuid = {94CE21A4-4833-4490-A441-645D8238135B}
	EndGlobalSection
EndGlobal
